Microsoft Visual Studio Solution File, Format Version 12.00
# Visual Studio Version 16
VisualStudioVersion = 16.0.30309.148
MinimumVisualStudioVersion = 10.0.40219.1
Project("{FAE04EC0-301F-11D3-BF4B-00C04F79EFBC}") = "MIUCSHA.Android", "MIUCSHA.Android\MIUCSHA.Android.csproj", "{03965ECF-9F9D-4123-853D-7E692B94C886}"
EndProject
Project("{FAE04EC0-301F-11D3-BF4B-00C04F79EFBC}") = "MIUCSHA.iOS", "MIUCSHA.iOS\MIUCSHA.iOS.csproj", "{AE032166-EE71-4BE6-9D31-F2990E21A649}"
EndProject
Project("{9A19103F-16F7-4668-BE54-9A1E7A4F7556}") = "MIUCSHA", "MIUCSHA\MIUCSHA.csproj", "{90F5561A-4EC5-4C3B-AB87-09F6CCC91269}"
EndProject
Global
	GlobalSection(SolutionConfigurationPlatforms) = preSolution
		Debug|Any CPU = Debug|Any CPU
		Debug|iPhone = Debug|iPhone
		Debug|iPhoneSimulator = Debug|iPhoneSimulator
		Release|Any CPU = Release|Any CPU
		Release|iPhone = Release|iPhone
		Release|iPhoneSimulator = Release|iPhoneSimulator
	EndGlobalSection
	GlobalSection(ProjectConfigurationPlatforms) = postSolution
		{03965ECF-9F9D-4123-853D-7E692B94C886}.Debug|Any CPU.ActiveCfg = Debug|Any CPU
		{03965ECF-9F9D-4123-853D-7E692B94C886}.Debug|Any CPU.Build.0 = Debug|Any CPU
		{03965ECF-9F9D-4123-853D-7E692B94C886}.Debug|Any CPU.Deploy.0 = Debug|Any CPU
		{03965ECF-9F9D-4123-853D-7E692B94C886}.Debug|iPhone.ActiveCfg = Debug|Any CPU
		{03965ECF-9F9D-4123-853D-7E692B94C886}.Debug|iPhone.Build.0 = Debug|Any CPU
		{03965ECF-9F9D-4123-853D-7E692B94C886}.Debug|iPhoneSimulator.ActiveCfg = Debug|Any CPU
		{03965ECF-9F9D-4123-853D-7E692B94C886}.Debug|iPhoneSimulator.Build.0 = Debug|Any CPU
		{03965ECF-9F9D-4123-853D-7E692B94C886}.Release|Any CPU.ActiveCfg = Release|Any CPU
		{03965ECF-9F9D-4123-853D-7E692B94C886}.Release|Any CPU.Build.0 = Release|Any CPU
		{03965ECF-9F9D-4123-853D-7E692B94C886}.Release|iPhone.ActiveCfg = Release|Any CPU
		{03965ECF-9F9D-4123-853D-7E692B94C886}.Release|iPhone.Build.0 = Release|Any CPU
		{03965ECF-9F9D-4123-853D-7E692B94C886}.Release|iPhoneSimulator.ActiveCfg = Release|Any CPU
		{03965ECF-9F9D-4123-853D-7E692B94C886}.Release|iPhoneSimulator.Build.0 = Release|Any CPU
		{AE032166-EE71-4BE6-9D31-F2990E21A649}.Debug|Any CPU.ActiveCfg = Debug|iPhoneSimulator
		{AE032166-EE71-4BE6-9D31-F2990E21A649}.Debug|Any CPU.Build.0 = Debug|iPhoneSimulator
		{AE032166-EE71-4BE6-9D31-F2990E21A649}.Debug|iPhone.ActiveCfg = Debug|iPhone
		{AE032166-EE71-4BE6-9D31-F2990E21A649}.Debug|iPhone.Build.0 = Debug|iPhone
		{AE032166-EE71-4BE6-9D31-F2990E21A649}.Debug|iPhoneSimulator.ActiveCfg = Debug|iPhoneSimulator
		{AE032166-EE71-4BE6-9D31-F2990E21A649}.Debug|iPhoneSimulator.Build.0 = Debug|iPhoneSimulator
		{AE032166-EE71-4BE6-9D31-F2990E21A649}.Release|Any CPU.ActiveCfg = Release|iPhoneSimulator
		{AE032166-EE71-4BE6-9D31-F2990E21A649}.Release|Any CPU.Build.0 = Release|iPhoneSimulator
		{AE032166-EE71-4BE6-9D31-F2990E21A649}.Release|iPhone.ActiveCfg = Release|iPhone
		{AE032166-EE71-4BE6-9D31-F2990E21A649}.Release|iPhone.Build.0 = Release|iPhone
		{AE032166-EE71-4BE6-9D31-F2990E21A649}.Release|iPhoneSimulator.ActiveCfg = Release|iPhoneSimulator
		{AE032166-EE71-4BE6-9D31-F2990E21A649}.Release|iPhoneSimulator.Build.0 = Release|iPhoneSimulator
		{90F5561A-4EC5-4C3B-AB87-09F6CCC91269}.Debug|Any CPU.ActiveCfg = Debug|Any CPU
		{90F5561A-4EC5-4C3B-AB87-09F6CCC91269}.Debug|Any CPU.Build.0 = Debug|Any CPU
		{90F5561A-4EC5-4C3B-AB87-09F6CCC91269}.Debug|iPhone.ActiveCfg = Debug|Any CPU
		{90F5561A-4EC5-4C3B-AB87-09F6CCC91269}.Debug|iPhone.Build.0 = Debug|Any CPU
		{90F5561A-4EC5-4C3B-AB87-09F6CCC91269}.Debug|iPhoneSimulator.ActiveCfg = Debug|Any CPU
		{90F5561A-4EC5-4C3B-AB87-09F6CCC91269}.Debug|iPhoneSimulator.Build.0 = Debug|Any CPU
		{90F5561A-4EC5-4C3B-AB87-09F6CCC91269}.Release|Any CPU.ActiveCfg = Release|Any CPU
		{90F5561A-4EC5-4C3B-AB87-09F6CCC91269}.Release|Any CPU.Build.0 = Release|Any CPU
		{90F5561A-4EC5-4C3B-AB87-09F6CCC91269}.Release|iPhone.ActiveCfg = Release|Any CPU
		{90F5561A-4EC5-4C3B-AB87-09F6CCC91269}.Release|iPhone.Build.0 = Release|Any CPU
		{90F5561A-4EC5-4C3B-AB87-09F6CCC91269}.Release|iPhoneSimulator.ActiveCfg = Release|Any CPU
		{90F5561A-4EC5-4C3B-AB87-09F6CCC91269}.Release|iPhoneSimulator.Build.0 = Release|Any CPU
	EndGlobalSection
	GlobalSection(SolutionProperties) = preSolution
		HideSolutionNode = FALSE
	EndGlobalSection
	GlobalSection(ExtensibilityGlobals) = postSolution
		SolutionGuid = {6B4F454D-19ED-482C-B852-F334E6842A8E}
	EndGlobalSection
EndGlobal
